
Microsoft Visual Studio Solution File, Format Version 12.00
# Visual Studio 15
VisualStudioVersion = 15.0.28307.489
MinimumVisualStudioVersion = 10.0.40219.1
Project("{FAE04EC0-301F-11D3-BF4B-00C04F79EFBC}") = "pingt", "pingt\pingt.csproj", "{36761FA4-0F1F-4B1F-A727-B5DC07B29CA6}"
EndProject
Global
	GlobalSection(SolutionConfigurationPlatforms) = preSolution
		Debug|Any CPU = Debug|Any CPU
		Release|Any CPU = Release|Any CPU
	EndGlobalSection
	GlobalSection(ProjectConfigurationPlatforms) = postSolution
		{36761FA4-0F1F-4B1F-A727-B5DC07B29CA6}.Debug|Any CPU.ActiveCfg = Debug|Any CPU
		{36761FA4-0F1F-4B1F-A727-B5DC07B29CA6}.Debug|Any CPU.Build.0 = Debug|Any CPU
		{36761FA4-0F1F-4B1F-A727-B5DC07B29CA6}.Release|Any CPU.ActiveCfg = Release|Any CPU
		{36761FA4-0F1F-4B1F-A727-B5DC07B29CA6}.Release|Any CPU.Build.0 = Release|Any CPU
	EndGlobalSection
	GlobalSection(SolutionProperties) = preSolution
		HideSolutionNode = FALSE
	EndGlobalSection
	GlobalSection(ExtensibilityGlobals) = postSolution
		SolutionGuid = {AF2FCB25-7A66-4FE4-9F3A-BB0791D93E64}
	EndGlobalSection
EndGlobal
